
Microsoft Visual Studio Solution File, Format Version 12.00
# Visual Studio 14
VisualStudioVersion = 14.0.23107.0
MinimumVisualStudioVersion = 10.0.40219.1
Project("{FAE04EC0-301F-11D3-BF4B-00C04F79EFBC}") = "Algo", "Algo\Algo.csproj", "{2E9B6DB1-408B-43CE-9047-B47D0F5781D3}"
EndProject
Project("{FAE04EC0-301F-11D3-BF4B-00C04F79EFBC}") = "Algo.Sort", "Algo.Sort\Algo.Sort.csproj", "{FAFF79C3-18A3-4F8A-AA42-56CFC7038493}"
EndProject
Project("{FAE04EC0-301F-11D3-BF4B-00C04F79EFBC}") = "Algo.ExternalMergeSort", "Algo.ExternalMergeSort\Algo.ExternalMergeSort.csproj", "{C6866F95-72C7-4F8A-80A4-10BFF3760669}"
EndProject
Global
	GlobalSection(SolutionConfigurationPlatforms) = preSolution
		Debug|Any CPU = Debug|Any CPU
		Release|Any CPU = Release|Any CPU
	EndGlobalSection
	GlobalSection(ProjectConfigurationPlatforms) = postSolution
		{2E9B6DB1-408B-43CE-9047-B47D0F5781D3}.Debug|Any CPU.ActiveCfg = Debug|Any CPU
		{2E9B6DB1-408B-43CE-9047-B47D0F5781D3}.Debug|Any CPU.Build.0 = Debug|Any CPU
		{2E9B6DB1-408B-43CE-9047-B47D0F5781D3}.Release|Any CPU.ActiveCfg = Release|Any CPU
		{2E9B6DB1-408B-43CE-9047-B47D0F5781D3}.Release|Any CPU.Build.0 = Release|Any CPU
		{FAFF79C3-18A3-4F8A-AA42-56CFC7038493}.Debug|Any CPU.ActiveCfg = Debug|Any CPU
		{FAFF79C3-18A3-4F8A-AA42-56CFC7038493}.Debug|Any CPU.Build.0 = Debug|Any CPU
		{FAFF79C3-18A3-4F8A-AA42-56CFC7038493}.Release|Any CPU.ActiveCfg = Release|Any CPU
		{FAFF79C3-18A3-4F8A-AA42-56CFC7038493}.Release|Any CPU.Build.0 = Release|Any CPU
		{C6866F95-72C7-4F8A-80A4-10BFF3760669}.Debug|Any CPU.ActiveCfg = Debug|Any CPU
		{C6866F95-72C7-4F8A-80A4-10BFF3760669}.Debug|Any CPU.Build.0 = Debug|Any CPU
		{C6866F95-72C7-4F8A-80A4-10BFF3760669}.Release|Any CPU.ActiveCfg = Release|Any CPU
		{C6866F95-72C7-4F8A-80A4-10BFF3760669}.Release|Any CPU.Build.0 = Release|Any CPU
	EndGlobalSection
	GlobalSection(SolutionProperties) = preSolution
		HideSolutionNode = FALSE
	EndGlobalSection
EndGlobal
